
Microsoft Visual Studio Solution File, Format Version 12.00
# Visual Studio 14
VisualStudioVersion = 14.0.25420.1
MinimumVisualStudioVersion = 10.0.40219.1
Project("{FAE04EC0-301F-11D3-BF4B-00C04F79EFBC}") = "DummyFeaturesFaulty15", "DummyFeaturesFaulty15\DummyFeaturesFaulty15.csproj", "{A179AFB2-36CA-40E5-AA8E-143F7AF70F9F}"
EndProject
Project("{FAE04EC0-301F-11D3-BF4B-00C04F79EFBC}") = "DummyFeaturesHealthy15", "DummyFeaturesHealthy15v.1.0\DummyFeaturesHealthy15.csproj", "{7171BCE4-0E1E-43E1-875C-5E8CE55DEC08}"
EndProject
Global
	GlobalSection(SolutionConfigurationPlatforms) = preSolution
		Debug|Any CPU = Debug|Any CPU
		Debug|x64 = Debug|x64
		Release|Any CPU = Release|Any CPU
		Release|x64 = Release|x64
	EndGlobalSection
	GlobalSection(ProjectConfigurationPlatforms) = postSolution
		{A179AFB2-36CA-40E5-AA8E-143F7AF70F9F}.Debug|Any CPU.ActiveCfg = Debug|Any CPU
		{A179AFB2-36CA-40E5-AA8E-143F7AF70F9F}.Debug|Any CPU.Build.0 = Debug|Any CPU
		{A179AFB2-36CA-40E5-AA8E-143F7AF70F9F}.Debug|Any CPU.Deploy.0 = Debug|Any CPU
		{A179AFB2-36CA-40E5-AA8E-143F7AF70F9F}.Debug|x64.ActiveCfg = Debug|x64
		{A179AFB2-36CA-40E5-AA8E-143F7AF70F9F}.Debug|x64.Build.0 = Debug|x64
		{A179AFB2-36CA-40E5-AA8E-143F7AF70F9F}.Debug|x64.Deploy.0 = Debug|x64
		{A179AFB2-36CA-40E5-AA8E-143F7AF70F9F}.Release|Any CPU.ActiveCfg = Release|Any CPU
		{A179AFB2-36CA-40E5-AA8E-143F7AF70F9F}.Release|Any CPU.Build.0 = Release|Any CPU
		{A179AFB2-36CA-40E5-AA8E-143F7AF70F9F}.Release|Any CPU.Deploy.0 = Release|Any CPU
		{A179AFB2-36CA-40E5-AA8E-143F7AF70F9F}.Release|x64.ActiveCfg = Release|x64
		{A179AFB2-36CA-40E5-AA8E-143F7AF70F9F}.Release|x64.Build.0 = Release|x64
		{A179AFB2-36CA-40E5-AA8E-143F7AF70F9F}.Release|x64.Deploy.0 = Release|x64
		{7171BCE4-0E1E-43E1-875C-5E8CE55DEC08}.Debug|Any CPU.ActiveCfg = Debug|Any CPU
		{7171BCE4-0E1E-43E1-875C-5E8CE55DEC08}.Debug|Any CPU.Build.0 = Debug|Any CPU
		{7171BCE4-0E1E-43E1-875C-5E8CE55DEC08}.Debug|Any CPU.Deploy.0 = Debug|Any CPU
		{7171BCE4-0E1E-43E1-875C-5E8CE55DEC08}.Debug|x64.ActiveCfg = Debug|x64
		{7171BCE4-0E1E-43E1-875C-5E8CE55DEC08}.Debug|x64.Build.0 = Debug|x64
		{7171BCE4-0E1E-43E1-875C-5E8CE55DEC08}.Debug|x64.Deploy.0 = Debug|x64
		{7171BCE4-0E1E-43E1-875C-5E8CE55DEC08}.Release|Any CPU.ActiveCfg = Release|Any CPU
		{7171BCE4-0E1E-43E1-875C-5E8CE55DEC08}.Release|Any CPU.Build.0 = Release|Any CPU
		{7171BCE4-0E1E-43E1-875C-5E8CE55DEC08}.Release|Any CPU.Deploy.0 = Release|Any CPU
		{7171BCE4-0E1E-43E1-875C-5E8CE55DEC08}.Release|x64.ActiveCfg = Release|x64
		{7171BCE4-0E1E-43E1-875C-5E8CE55DEC08}.Release|x64.Build.0 = Release|x64
		{7171BCE4-0E1E-43E1-875C-5E8CE55DEC08}.Release|x64.Deploy.0 = Release|x64
	EndGlobalSection
	GlobalSection(SolutionProperties) = preSolution
		HideSolutionNode = FALSE
	EndGlobalSection
EndGlobal
