
Microsoft Visual Studio Solution File, Format Version 12.00
# Visual Studio 14
VisualStudioVersion = 14.0.25420.1
MinimumVisualStudioVersion = 10.0.40219.1
Project("{FAE04EC0-301F-11D3-BF4B-00C04F79EFBC}") = "FeatureAdmin.Test", "FeatureAdmin.Test\FeatureAdmin.Test.csproj", "{25992041-DC84-4EAB-96FD-C5BBBC5DF9F9}"
EndProject
Project("{2150E333-8FDC-42A3-9474-1A3956D46DE8}") = "Solution Items", "Solution Items", "{D2DCF0F8-F620-4A96-9678-8A6AD494256A}"
	ProjectSection(SolutionItems) = preProject
		ChangeLog.txt = ChangeLog.txt
		ReleaseNotes.txt = ReleaseNotes.txt
	EndProjectSection
EndProject
Project("{FAE04EC0-301F-11D3-BF4B-00C04F79EFBC}") = "FeatureAdmin.Tests", "FeatureAdmin.Tests\FeatureAdmin.Tests.csproj", "{D1E28224-E06C-4AAD-BCBA-D2FE46D3A9AF}"
EndProject
Project("{FAE04EC0-301F-11D3-BF4B-00C04F79EFBC}") = "FeatureAdmin.SampleData", "FeatureAdmin.SampleData\FeatureAdmin.SampleData.csproj", "{DE7FAC0C-782B-4BA1-B1B8-3101955FC888}"
EndProject
Project("{FAE04EC0-301F-11D3-BF4B-00C04F79EFBC}") = "FeatureAdmin.Core", "FeatureAdmin.Core\FeatureAdmin.Core.csproj", "{4CEC2E98-5A3B-4793-B606-A5250D046F02}"
EndProject
Project("{2150E333-8FDC-42A3-9474-1A3956D46DE8}") = "ToBeRefactored", "ToBeRefactored", "{A0A4B964-AB7A-43D1-8922-0326FF3DA62A}"
EndProject
Project("{2150E333-8FDC-42A3-9474-1A3956D46DE8}") = "Backends", "Backends", "{32AB58CA-90B1-455F-AE6B-563D0844DC99}"
EndProject
Project("{FAE04EC0-301F-11D3-BF4B-00C04F79EFBC}") = "FeatureAdmin", "FeatureAdmin\FeatureAdmin.csproj", "{639C2DA7-F1B4-4518-954F-AF04AC1FFD94}"
EndProject
Project("{FAE04EC0-301F-11D3-BF4B-00C04F79EFBC}") = "Demo", "Backends\Demo\Demo.csproj", "{E4A06935-054F-446A-B2AF-996DC615D775}"
EndProject
Project("{FAE04EC0-301F-11D3-BF4B-00C04F79EFBC}") = "Sp2013", "Backends\Sp2013\Sp2013.csproj", "{5D1949A6-17ED-4203-98F8-2B82415F97C1}"
EndProject
Project("{FAE04EC0-301F-11D3-BF4B-00C04F79EFBC}") = "FeatureAdmin.Core.Tests", "FeatureAdmin.Core.Tests\FeatureAdmin.Core.Tests.csproj", "{802E1AF7-C74D-416A-9F3B-28A941755FB4}"
EndProject
Project("{FAE04EC0-301F-11D3-BF4B-00C04F79EFBC}") = "FeatureAdmin.OrigoDb", "FeatureAdmin.Repository\FeatureAdmin.OrigoDb.csproj", "{A9554C65-3BCC-4F78-9349-A63C737A19BD}"
EndProject
Project("{FAE04EC0-301F-11D3-BF4B-00C04F79EFBC}") = "FeatureAdmin.OrigoDb.Tests", "FeatureAdmin.Repository.Tests\FeatureAdmin.OrigoDb.Tests.csproj", "{F0437809-165F-461B-B31E-A791D0AD87E0}"
EndProject
Global
	GlobalSection(SolutionConfigurationPlatforms) = preSolution
		Debug|Any CPU = Debug|Any CPU
		Debug|x64 = Debug|x64
		Debug|x86 = Debug|x86
		Release|Any CPU = Release|Any CPU
		Release|x64 = Release|x64
		Release|x86 = Release|x86
	EndGlobalSection
	GlobalSection(ProjectConfigurationPlatforms) = postSolution
		{25992041-DC84-4EAB-96FD-C5BBBC5DF9F9}.Debug|Any CPU.ActiveCfg = Debug|Any CPU
		{25992041-DC84-4EAB-96FD-C5BBBC5DF9F9}.Debug|Any CPU.Build.0 = Debug|Any CPU
		{25992041-DC84-4EAB-96FD-C5BBBC5DF9F9}.Debug|x64.ActiveCfg = Debug|x64
		{25992041-DC84-4EAB-96FD-C5BBBC5DF9F9}.Debug|x64.Build.0 = Debug|x64
		{25992041-DC84-4EAB-96FD-C5BBBC5DF9F9}.Debug|x86.ActiveCfg = Debug|Any CPU
		{25992041-DC84-4EAB-96FD-C5BBBC5DF9F9}.Debug|x86.Build.0 = Debug|Any CPU
		{25992041-DC84-4EAB-96FD-C5BBBC5DF9F9}.Release|Any CPU.ActiveCfg = Release|Any CPU
		{25992041-DC84-4EAB-96FD-C5BBBC5DF9F9}.Release|Any CPU.Build.0 = Release|Any CPU
		{25992041-DC84-4EAB-96FD-C5BBBC5DF9F9}.Release|x64.ActiveCfg = Release|x64
		{25992041-DC84-4EAB-96FD-C5BBBC5DF9F9}.Release|x64.Build.0 = Release|x64
		{25992041-DC84-4EAB-96FD-C5BBBC5DF9F9}.Release|x86.ActiveCfg = Release|Any CPU
		{25992041-DC84-4EAB-96FD-C5BBBC5DF9F9}.Release|x86.Build.0 = Release|Any CPU
		{D1E28224-E06C-4AAD-BCBA-D2FE46D3A9AF}.Debug|Any CPU.ActiveCfg = Debug|Any CPU
		{D1E28224-E06C-4AAD-BCBA-D2FE46D3A9AF}.Debug|Any CPU.Build.0 = Debug|Any CPU
		{D1E28224-E06C-4AAD-BCBA-D2FE46D3A9AF}.Debug|x64.ActiveCfg = Debug|Any CPU
		{D1E28224-E06C-4AAD-BCBA-D2FE46D3A9AF}.Debug|x64.Build.0 = Debug|Any CPU
		{D1E28224-E06C-4AAD-BCBA-D2FE46D3A9AF}.Debug|x86.ActiveCfg = Debug|Any CPU
		{D1E28224-E06C-4AAD-BCBA-D2FE46D3A9AF}.Debug|x86.Build.0 = Debug|Any CPU
		{D1E28224-E06C-4AAD-BCBA-D2FE46D3A9AF}.Release|Any CPU.ActiveCfg = Release|Any CPU
		{D1E28224-E06C-4AAD-BCBA-D2FE46D3A9AF}.Release|Any CPU.Build.0 = Release|Any CPU
		{D1E28224-E06C-4AAD-BCBA-D2FE46D3A9AF}.Release|x64.ActiveCfg = Release|Any CPU
		{D1E28224-E06C-4AAD-BCBA-D2FE46D3A9AF}.Release|x64.Build.0 = Release|Any CPU
		{D1E28224-E06C-4AAD-BCBA-D2FE46D3A9AF}.Release|x86.ActiveCfg = Release|Any CPU
		{D1E28224-E06C-4AAD-BCBA-D2FE46D3A9AF}.Release|x86.Build.0 = Release|Any CPU
		{DE7FAC0C-782B-4BA1-B1B8-3101955FC888}.Debug|Any CPU.ActiveCfg = Debug|Any CPU
		{DE7FAC0C-782B-4BA1-B1B8-3101955FC888}.Debug|Any CPU.Build.0 = Debug|Any CPU
		{DE7FAC0C-782B-4BA1-B1B8-3101955FC888}.Debug|x64.ActiveCfg = Debug|Any CPU
		{DE7FAC0C-782B-4BA1-B1B8-3101955FC888}.Debug|x64.Build.0 = Debug|Any CPU
		{DE7FAC0C-782B-4BA1-B1B8-3101955FC888}.Debug|x86.ActiveCfg = Debug|Any CPU
		{DE7FAC0C-782B-4BA1-B1B8-3101955FC888}.Debug|x86.Build.0 = Debug|Any CPU
		{DE7FAC0C-782B-4BA1-B1B8-3101955FC888}.Release|Any CPU.ActiveCfg = Release|Any CPU
		{DE7FAC0C-782B-4BA1-B1B8-3101955FC888}.Release|Any CPU.Build.0 = Release|Any CPU
		{DE7FAC0C-782B-4BA1-B1B8-3101955FC888}.Release|x64.ActiveCfg = Release|Any CPU
		{DE7FAC0C-782B-4BA1-B1B8-3101955FC888}.Release|x64.Build.0 = Release|Any CPU
		{DE7FAC0C-782B-4BA1-B1B8-3101955FC888}.Release|x86.ActiveCfg = Release|Any CPU
		{DE7FAC0C-782B-4BA1-B1B8-3101955FC888}.Release|x86.Build.0 = Release|Any CPU
		{4CEC2E98-5A3B-4793-B606-A5250D046F02}.Debug|Any CPU.ActiveCfg = Debug|Any CPU
		{4CEC2E98-5A3B-4793-B606-A5250D046F02}.Debug|Any CPU.Build.0 = Debug|Any CPU
		{4CEC2E98-5A3B-4793-B606-A5250D046F02}.Debug|x64.ActiveCfg = Debug|Any CPU
		{4CEC2E98-5A3B-4793-B606-A5250D046F02}.Debug|x64.Build.0 = Debug|Any CPU
		{4CEC2E98-5A3B-4793-B606-A5250D046F02}.Debug|x86.ActiveCfg = Debug|Any CPU
		{4CEC2E98-5A3B-4793-B606-A5250D046F02}.Debug|x86.Build.0 = Debug|Any CPU
		{4CEC2E98-5A3B-4793-B606-A5250D046F02}.Release|Any CPU.ActiveCfg = Release|Any CPU
		{4CEC2E98-5A3B-4793-B606-A5250D046F02}.Release|Any CPU.Build.0 = Release|Any CPU
		{4CEC2E98-5A3B-4793-B606-A5250D046F02}.Release|x64.ActiveCfg = Release|Any CPU
		{4CEC2E98-5A3B-4793-B606-A5250D046F02}.Release|x64.Build.0 = Release|Any CPU
		{4CEC2E98-5A3B-4793-B606-A5250D046F02}.Release|x86.ActiveCfg = Release|Any CPU
		{4CEC2E98-5A3B-4793-B606-A5250D046F02}.Release|x86.Build.0 = Release|Any CPU
		{639C2DA7-F1B4-4518-954F-AF04AC1FFD94}.Debug|Any CPU.ActiveCfg = Debug|Any CPU
		{639C2DA7-F1B4-4518-954F-AF04AC1FFD94}.Debug|Any CPU.Build.0 = Debug|Any CPU
		{639C2DA7-F1B4-4518-954F-AF04AC1FFD94}.Debug|x64.ActiveCfg = Debug|Any CPU
		{639C2DA7-F1B4-4518-954F-AF04AC1FFD94}.Debug|x64.Build.0 = Debug|Any CPU
		{639C2DA7-F1B4-4518-954F-AF04AC1FFD94}.Debug|x86.ActiveCfg = Debug|Any CPU
		{639C2DA7-F1B4-4518-954F-AF04AC1FFD94}.Debug|x86.Build.0 = Debug|Any CPU
		{639C2DA7-F1B4-4518-954F-AF04AC1FFD94}.Release|Any CPU.ActiveCfg = Release|Any CPU
		{639C2DA7-F1B4-4518-954F-AF04AC1FFD94}.Release|Any CPU.Build.0 = Release|Any CPU
		{639C2DA7-F1B4-4518-954F-AF04AC1FFD94}.Release|x64.ActiveCfg = Release|Any CPU
		{639C2DA7-F1B4-4518-954F-AF04AC1FFD94}.Release|x64.Build.0 = Release|Any CPU
		{639C2DA7-F1B4-4518-954F-AF04AC1FFD94}.Release|x86.ActiveCfg = Release|Any CPU
		{639C2DA7-F1B4-4518-954F-AF04AC1FFD94}.Release|x86.Build.0 = Release|Any CPU
		{E4A06935-054F-446A-B2AF-996DC615D775}.Debug|Any CPU.ActiveCfg = Debug|Any CPU
		{E4A06935-054F-446A-B2AF-996DC615D775}.Debug|Any CPU.Build.0 = Debug|Any CPU
		{E4A06935-054F-446A-B2AF-996DC615D775}.Debug|x64.ActiveCfg = Debug|Any CPU
		{E4A06935-054F-446A-B2AF-996DC615D775}.Debug|x64.Build.0 = Debug|Any CPU
		{E4A06935-054F-446A-B2AF-996DC615D775}.Debug|x86.ActiveCfg = Debug|Any CPU
		{E4A06935-054F-446A-B2AF-996DC615D775}.Debug|x86.Build.0 = Debug|Any CPU
		{E4A06935-054F-446A-B2AF-996DC615D775}.Release|Any CPU.ActiveCfg = Release|Any CPU
		{E4A06935-054F-446A-B2AF-996DC615D775}.Release|Any CPU.Build.0 = Release|Any CPU
		{E4A06935-054F-446A-B2AF-996DC615D775}.Release|x64.ActiveCfg = Release|Any CPU
		{E4A06935-054F-446A-B2AF-996DC615D775}.Release|x64.Build.0 = Release|Any CPU
		{E4A06935-054F-446A-B2AF-996DC615D775}.Release|x86.ActiveCfg = Release|Any CPU
		{E4A06935-054F-446A-B2AF-996DC615D775}.Release|x86.Build.0 = Release|Any CPU
		{5D1949A6-17ED-4203-98F8-2B82415F97C1}.Debug|Any CPU.ActiveCfg = Debug|Any CPU
		{5D1949A6-17ED-4203-98F8-2B82415F97C1}.Debug|Any CPU.Build.0 = Debug|Any CPU
		{5D1949A6-17ED-4203-98F8-2B82415F97C1}.Debug|x64.ActiveCfg = Debug|Any CPU
		{5D1949A6-17ED-4203-98F8-2B82415F97C1}.Debug|x64.Build.0 = Debug|Any CPU
		{5D1949A6-17ED-4203-98F8-2B82415F97C1}.Debug|x86.ActiveCfg = Debug|Any CPU
		{5D1949A6-17ED-4203-98F8-2B82415F97C1}.Debug|x86.Build.0 = Debug|Any CPU
		{5D1949A6-17ED-4203-98F8-2B82415F97C1}.Release|Any CPU.ActiveCfg = Release|Any CPU
		{5D1949A6-17ED-4203-98F8-2B82415F97C1}.Release|Any CPU.Build.0 = Release|Any CPU
		{5D1949A6-17ED-4203-98F8-2B82415F97C1}.Release|x64.ActiveCfg = Release|Any CPU
		{5D1949A6-17ED-4203-98F8-2B82415F97C1}.Release|x64.Build.0 = Release|Any CPU
		{5D1949A6-17ED-4203-98F8-2B82415F97C1}.Release|x86.ActiveCfg = Release|Any CPU
		{5D1949A6-17ED-4203-98F8-2B82415F97C1}.Release|x86.Build.0 = Release|Any CPU
		{802E1AF7-C74D-416A-9F3B-28A941755FB4}.Debug|Any CPU.ActiveCfg = Debug|Any CPU
		{802E1AF7-C74D-416A-9F3B-28A941755FB4}.Debug|Any CPU.Build.0 = Debug|Any CPU
		{802E1AF7-C74D-416A-9F3B-28A941755FB4}.Debug|x64.ActiveCfg = Debug|Any CPU
		{802E1AF7-C74D-416A-9F3B-28A941755FB4}.Debug|x64.Build.0 = Debug|Any CPU
		{802E1AF7-C74D-416A-9F3B-28A941755FB4}.Debug|x86.ActiveCfg = Debug|Any CPU
		{802E1AF7-C74D-416A-9F3B-28A941755FB4}.Debug|x86.Build.0 = Debug|Any CPU
		{802E1AF7-C74D-416A-9F3B-28A941755FB4}.Release|Any CPU.ActiveCfg = Release|Any CPU
		{802E1AF7-C74D-416A-9F3B-28A941755FB4}.Release|Any CPU.Build.0 = Release|Any CPU
		{802E1AF7-C74D-416A-9F3B-28A941755FB4}.Release|x64.ActiveCfg = Release|Any CPU
		{802E1AF7-C74D-416A-9F3B-28A941755FB4}.Release|x64.Build.0 = Release|Any CPU
		{802E1AF7-C74D-416A-9F3B-28A941755FB4}.Release|x86.ActiveCfg = Release|Any CPU
		{802E1AF7-C74D-416A-9F3B-28A941755FB4}.Release|x86.Build.0 = Release|Any CPU
		{A9554C65-3BCC-4F78-9349-A63C737A19BD}.Debug|Any CPU.ActiveCfg = Debug|Any CPU
		{A9554C65-3BCC-4F78-9349-A63C737A19BD}.Debug|Any CPU.Build.0 = Debug|Any CPU
		{A9554C65-3BCC-4F78-9349-A63C737A19BD}.Debug|x64.ActiveCfg = Debug|Any CPU
		{A9554C65-3BCC-4F78-9349-A63C737A19BD}.Debug|x64.Build.0 = Debug|Any CPU
		{A9554C65-3BCC-4F78-9349-A63C737A19BD}.Debug|x86.ActiveCfg = Debug|Any CPU
		{A9554C65-3BCC-4F78-9349-A63C737A19BD}.Debug|x86.Build.0 = Debug|Any CPU
		{A9554C65-3BCC-4F78-9349-A63C737A19BD}.Release|Any CPU.ActiveCfg = Release|Any CPU
		{A9554C65-3BCC-4F78-9349-A63C737A19BD}.Release|Any CPU.Build.0 = Release|Any CPU
		{A9554C65-3BCC-4F78-9349-A63C737A19BD}.Release|x64.ActiveCfg = Release|Any CPU
		{A9554C65-3BCC-4F78-9349-A63C737A19BD}.Release|x64.Build.0 = Release|Any CPU
		{A9554C65-3BCC-4F78-9349-A63C737A19BD}.Release|x86.ActiveCfg = Release|Any CPU
		{A9554C65-3BCC-4F78-9349-A63C737A19BD}.Release|x86.Build.0 = Release|Any CPU
		{F0437809-165F-461B-B31E-A791D0AD87E0}.Debug|Any CPU.ActiveCfg = Debug|Any CPU
		{F0437809-165F-461B-B31E-A791D0AD87E0}.Debug|Any CPU.Build.0 = Debug|Any CPU
		{F0437809-165F-461B-B31E-A791D0AD87E0}.Debug|x64.ActiveCfg = Debug|Any CPU
		{F0437809-165F-461B-B31E-A791D0AD87E0}.Debug|x64.Build.0 = Debug|Any CPU
		{F0437809-165F-461B-B31E-A791D0AD87E0}.Debug|x86.ActiveCfg = Debug|Any CPU
		{F0437809-165F-461B-B31E-A791D0AD87E0}.Debug|x86.Build.0 = Debug|Any CPU
		{F0437809-165F-461B-B31E-A791D0AD87E0}.Release|Any CPU.ActiveCfg = Release|Any CPU
		{F0437809-165F-461B-B31E-A791D0AD87E0}.Release|Any CPU.Build.0 = Release|Any CPU
		{F0437809-165F-461B-B31E-A791D0AD87E0}.Release|x64.ActiveCfg = Release|Any CPU
		{F0437809-165F-461B-B31E-A791D0AD87E0}.Release|x64.Build.0 = Release|Any CPU
		{F0437809-165F-461B-B31E-A791D0AD87E0}.Release|x86.ActiveCfg = Release|Any CPU
		{F0437809-165F-461B-B31E-A791D0AD87E0}.Release|x86.Build.0 = Release|Any CPU
	EndGlobalSection
	GlobalSection(SolutionProperties) = preSolution
		HideSolutionNode = FALSE
	EndGlobalSection
	GlobalSection(NestedProjects) = preSolution
		{25992041-DC84-4EAB-96FD-C5BBBC5DF9F9} = {A0A4B964-AB7A-43D1-8922-0326FF3DA62A}
		{E4A06935-054F-446A-B2AF-996DC615D775} = {32AB58CA-90B1-455F-AE6B-563D0844DC99}
		{5D1949A6-17ED-4203-98F8-2B82415F97C1} = {32AB58CA-90B1-455F-AE6B-563D0844DC99}
	EndGlobalSection
EndGlobal
